
Microsoft Visual Studio Solution File, Format Version 12.00
# Visual Studio Version 17
VisualStudioVersion = 17.1.32210.238
MinimumVisualStudioVersion = 10.0.40219.1
Project("{FAE04EC0-301F-11D3-BF4B-00C04F79EFBC}") = "Easy Report Generator", "Easy Report Generator\Easy Report Generator.csproj", "{A90E8F96-3A21-4EE8-9063-4E967BBE0681}"
EndProject
Global
	GlobalSection(SolutionConfigurationPlatforms) = preSolution
		Debug|Any CPU = Debug|Any CPU
		Release|Any CPU = Release|Any CPU
	EndGlobalSection
	GlobalSection(ProjectConfigurationPlatforms) = postSolution
		{A90E8F96-3A21-4EE8-9063-4E967BBE0681}.Debug|Any CPU.ActiveCfg = Debug|Any CPU
		{A90E8F96-3A21-4EE8-9063-4E967BBE0681}.Debug|Any CPU.Build.0 = Debug|Any CPU
		{A90E8F96-3A21-4EE8-9063-4E967BBE0681}.Release|Any CPU.ActiveCfg = Release|Any CPU
		{A90E8F96-3A21-4EE8-9063-4E967BBE0681}.Release|Any CPU.Build.0 = Release|Any CPU
	EndGlobalSection
	GlobalSection(SolutionProperties) = preSolution
		HideSolutionNode = FALSE
	EndGlobalSection
	GlobalSection(ExtensibilityGlobals) = postSolution
		SolutionGuid = {733B6308-F425-452A-9FEE-CDF57CFE0A2F}
	EndGlobalSection
EndGlobal
